Microsoft Visual Studio Solution File, Format Version 11.00
# Visual Studio 2008

Project("{258B952A-3E86-9A4F-5D4B-C675B6680C8D}") = "Monkey Run", "Assembly-CSharp-firstpass.csproj", "{DBC87727-33C1-4BCD-D360-36E6A17A3EEE}"
EndProject
Project("{258B952A-3E86-9A4F-5D4B-C675B6680C8D}") = "Monkey Run", "Assembly-CSharp.csproj", "{AE7218B0-6EDF-F4CE-0ADC-A911187B17A9}"
EndProject
Project("{258B952A-3E86-9A4F-5D4B-C675B6680C8D}") = "Monkey Run", "Assembly-CSharp-Editor-firstpass.csproj", "{53ABD6B4-74F9-3DD4-57A8-918DDB51A1C8}"
EndProject
Project("{258B952A-3E86-9A4F-5D4B-C675B6680C8D}") = "Monkey Run", "Assembly-CSharp-Editor.csproj", "{D19C749F-D75D-3490-D2A9-2D2485F85586}"
EndProject
Project("{258B952A-3E86-9A4F-5D4B-C675B6680C8D}") = "Monkey Run", "Assembly-UnityScript.unityproj", "{32202369-610B-C41D-687F-14C488940DB8}"
EndProject
Global
	GlobalSection(SolutionConfigurationPlatforms) = preSolution
		Debug|Any CPU = Debug|Any CPU
		Release|Any CPU = Release|Any CPU
	EndGlobalSection
	GlobalSection(ProjectConfigurationPlatforms) = postSolution
		{DBC87727-33C1-4BCD-D360-36E6A17A3EEE}.Debug|Any CPU.ActiveCfg = Debug|Any CPU
		{DBC87727-33C1-4BCD-D360-36E6A17A3EEE}.Debug|Any CPU.Build.0 = Debug|Any CPU
		{DBC87727-33C1-4BCD-D360-36E6A17A3EEE}.Release|Any CPU.ActiveCfg = Release|Any CPU
		{DBC87727-33C1-4BCD-D360-36E6A17A3EEE}.Release|Any CPU.Build.0 = Release|Any CPU
		{AE7218B0-6EDF-F4CE-0ADC-A911187B17A9}.Debug|Any CPU.ActiveCfg = Debug|Any CPU
		{AE7218B0-6EDF-F4CE-0ADC-A911187B17A9}.Debug|Any CPU.Build.0 = Debug|Any CPU
		{AE7218B0-6EDF-F4CE-0ADC-A911187B17A9}.Release|Any CPU.ActiveCfg = Release|Any CPU
		{AE7218B0-6EDF-F4CE-0ADC-A911187B17A9}.Release|Any CPU.Build.0 = Release|Any CPU
		{53ABD6B4-74F9-3DD4-57A8-918DDB51A1C8}.Debug|Any CPU.ActiveCfg = Debug|Any CPU
		{53ABD6B4-74F9-3DD4-57A8-918DDB51A1C8}.Debug|Any CPU.Build.0 = Debug|Any CPU
		{53ABD6B4-74F9-3DD4-57A8-918DDB51A1C8}.Release|Any CPU.ActiveCfg = Release|Any CPU
		{53ABD6B4-74F9-3DD4-57A8-918DDB51A1C8}.Release|Any CPU.Build.0 = Release|Any CPU
		{D19C749F-D75D-3490-D2A9-2D2485F85586}.Debug|Any CPU.ActiveCfg = Debug|Any CPU
		{D19C749F-D75D-3490-D2A9-2D2485F85586}.Debug|Any CPU.Build.0 = Debug|Any CPU
		{D19C749F-D75D-3490-D2A9-2D2485F85586}.Release|Any CPU.ActiveCfg = Release|Any CPU
		{D19C749F-D75D-3490-D2A9-2D2485F85586}.Release|Any CPU.Build.0 = Release|Any CPU
		{32202369-610B-C41D-687F-14C488940DB8}.Debug|Any CPU.ActiveCfg = Debug|Any CPU
		{32202369-610B-C41D-687F-14C488940DB8}.Debug|Any CPU.Build.0 = Debug|Any CPU
		{32202369-610B-C41D-687F-14C488940DB8}.Release|Any CPU.ActiveCfg = Release|Any CPU
		{32202369-610B-C41D-687F-14C488940DB8}.Release|Any CPU.Build.0 = Release|Any CPU
	EndGlobalSection
	GlobalSection(SolutionProperties) = preSolution
		HideSolutionNode = FALSE
	EndGlobalSection
																																																																																																																																																																																																																																																																																																																																																																																																																																																																																																																																																																																																																																																																																																																																																																																																																																																																																																																																																																																																																																																																																																																																																																																																																																																					GlobalSection(MonoDevelopProperties) = preSolution
		StartupItem = Assembly-CSharp.csproj
		Policies = $0
		$0.TextStylePolicy = $1
		$1.inheritsSet = null
		$1.scope = text/x-csharp
		$0.CSharpFormattingPolicy = $2
		$2.inheritsSet = Mono
		$2.inheritsScope = text/x-csharp
		$2.scope = text/x-csharp
		$0.TextStylePolicy = $3
		$3.FileWidth = 120
		$3.TabWidth = 4
		$3.EolMarker = Unix
		$3.inheritsSet = Mono
		$3.inheritsScope = text/plain
		$3.scope = text/plain
	EndGlobalSection

EndGlobal
